{
  "name": "enclosure",
  "version": "1.0.0",
  "lockfileVersion": 3,
  "requires": true,
  "packages": {
    "": {
      "name": "enclosure",
      "version": "1.0.0",
      "license": "ISC",
      "devDependencies": {
        "@jscad/cli": "^2.3.2",
        "@jscad/modeling": "^2.12.2",
        "@types/node": "^22.0.0",
        "convert": "^5.6.1",
        "tsc-watch": "^6.2.0",
        "typescript": "^5.5.3"
      }
    },
    "node_modules/@jscad/3mf-serializer": {
      "version": "2.1.13",
      "resolved": "https://registry.npmjs.org/@jscad/3mf-serializer/-/3mf-serializer-2.1.13.tgz",
      "integrity": "sha512-+yGUr29WJMn5Y73UaQoynCE/GnQYiH+tfkzfmXPy+Fg6oOYjbY5kpc9kfL7f1eF4DcZ0HJGaCjpziu8lPsbc+Q==",
      "dev": true,
      "license": "MIT",
      "dependencies": {
        "@jscad/array-utils": "2.1.4",
        "@jscad/modeling": "2.12.4",
        "fflate": "0.7.3",
        "onml": "1.2.0"
      }
    },
    "node_modules/@jscad/amf-deserializer": {
      "version": "2.3.9",
      "resolved": "https://registry.npmjs.org/@jscad/amf-deserializer/-/amf-deserializer-2.3.9.tgz",
      "integrity": "sha512-jnocOBJL2Q5KGJlvBgG6jnay5JTKBVEEh8vLjlSFpZ9GbA5lLU07JPz5/rAXeh5FztJybk9yvPPz2/v/qygbug==",
      "dev": true,
      "license": "MIT",
      "dependencies": {
        "@jscad/io-utils": "2.0.29",
        "@jscad/modeling": "2.12.4",
        "saxes": "5.0.1"
      }
    },
    "node_modules/@jscad/amf-serializer": {
      "version": "2.1.19",
      "resolved": "https://registry.npmjs.org/@jscad/amf-serializer/-/amf-serializer-2.1.19.tgz",
      "integrity": "sha512-n/7ThLSizsIJQHtD9uy1PR1ou9cYQD1AFm60P9IcfTpVcLmzJbEma23/u9+T9mHrWNpNzLYOhjzl1Z7yRsQZTA==",
      "dev": true,
      "license": "MIT",
      "dependencies": {
        "@jscad/array-utils": "2.1.4",
        "@jscad/modeling": "2.12.4",
        "onml": "1.3.0"
      }
    },
    "node_modules/@jscad/amf-serializer/node_modules/onml": {
      "version": "1.3.0",
      "resolved": "https://registry.npmjs.org/onml/-/onml-1.3.0.tgz",
      "integrity": "sha512-RhGUsC6Im2A5vAdIvxE3auRKTqrqUZQl/AYLn8+9lM3SO4da5bwhcI5TcM+hfQxNCSLLOVErsl9p0ZPjKKmz+g==",
      "dev": true,
      "license": "MIT",
      "dependencies": {
        "sax": "^1.2.1"
      }
    },
    "node_modules/@jscad/array-utils": {
      "version": "2.1.4",
      "resolved": "https://registry.npmjs.org/@jscad/array-utils/-/array-utils-2.1.4.tgz",
      "integrity": "sha512-c31r4zSKsE+4Xfwk2V8monDA0hx5G89QGzaakWVUvuGNowYS9WSsYCwHiTIXodjR+HEnDu4okQ7k/whmP0Ne2g==",
      "dev": true,
      "license": "MIT"
    },
    "node_modules/@jscad/cli": {
      "version": "2.3.4",
      "resolved": "https://registry.npmjs.org/@jscad/cli/-/cli-2.3.4.tgz",
      "integrity": "sha512-3GRvBabXcQNhjmA4UShNWdJiADcgmAo47DQSZeoZnNcxlawdL8EW6riiLWb3iSZfjMmXIPr6X77ng6HeaG0XcQ==",
      "dev": true,
      "hasInstallScript": true,
      "license": "MIT",
      "dependencies": {
        "@jscad/array-utils": "2.1.4",
        "@jscad/core": "2.6.11",
        "@jscad/io": "2.4.10",
        "@jscad/modeling": "2.12.4",
        "jszip": "^3.10.1"
      },
      "bin": {
        "jscad": "cli.js"
      }
    },
    "node_modules/@jscad/core": {
      "version": "2.6.11",
      "resolved": "https://registry.npmjs.org/@jscad/core/-/core-2.6.11.tgz",
      "integrity": "sha512-F29jPK6xBBa927mavm4C+u/Jeq9CRlK1s/59+dmnIgoqLStJ9Gp0PB+EwElUgbxXQUK5XpeLbWDUrFgMvM32ow==",
      "dev": true,
      "license": "MIT",
      "dependencies": {
        "@jscad/array-utils": "2.1.4",
        "@jscad/io": "2.4.10",
        "@jscad/io-utils": "2.0.29",
        "@jscad/modeling": "2.12.4",
        "json5": "2.2.3",
        "strip-bom": "4.0.0"
      }
    },
    "node_modules/@jscad/dxf-deserializer": {
      "version": "2.3.26",
      "resolved": "https://registry.npmjs.org/@jscad/dxf-deserializer/-/dxf-deserializer-2.3.26.tgz",
      "integrity": "sha512-s9YzoSQWGOGwXrRl9kbTnvxdzbdN1ObaUTv9ZTGSeWkG3KsUfpvlRcJoEazeJFeSlmIE8QmwUZPQ1KiqLm/30A==",
      "dev": true,
      "license": "MIT",
      "dependencies": {
        "@jscad/io-utils": "2.0.29",
        "@jscad/modeling": "2.12.4"
      }
    },
    "node_modules/@jscad/dxf-serializer": {
      "version": "2.1.19",
      "resolved": "https://registry.npmjs.org/@jscad/dxf-serializer/-/dxf-serializer-2.1.19.tgz",
      "integrity": "sha512-LnE6bCMIPqnx9EfSnnJ2q9Bbc2vJvtBZNp7in4GqRc9RYCGRufUiLl4PHt2BL0gvECbnk8cXkB123M0McxJoQQ==",
      "dev": true,
      "license": "MIT",
      "dependencies": {
        "@jscad/array-utils": "2.1.4",
        "@jscad/modeling": "2.12.4"
      }
    },
    "node_modules/@jscad/io": {
      "version": "2.4.10",
      "resolved": "https://registry.npmjs.org/@jscad/io/-/io-2.4.10.tgz",
      "integrity": "sha512-cwZznCNXsIxqYcclFKCguMp60ZMIYBZFEfmXVtFy7M4fCySW5RR5laZsYXzBRuIyWARG7Lk0hRiQaPXEjauciQ==",
      "dev": true,
      "license": "MIT",
      "dependencies": {
        "@jscad/3mf-serializer": "2.1.13",
        "@jscad/amf-deserializer": "2.3.9",
        "@jscad/amf-serializer": "2.1.19",
        "@jscad/array-utils": "2.1.4",
        "@jscad/dxf-deserializer": "2.3.26",
        "@jscad/dxf-serializer": "2.1.19",
        "@jscad/io-utils": "2.0.29",
        "@jscad/json-deserializer": "2.0.30",
        "@jscad/json-serializer": "2.0.29",
        "@jscad/modeling": "2.12.4",
        "@jscad/obj-deserializer": "2.0.29",
        "@jscad/obj-serializer": "2.1.19",
        "@jscad/stl-deserializer": "2.1.26",
        "@jscad/stl-serializer": "2.1.19",
        "@jscad/svg-deserializer": "2.5.10",
        "@jscad/svg-serializer": "2.3.17",
        "@jscad/x3d-deserializer": "2.2.9",
        "@jscad/x3d-serializer": "2.4.9"
      }
    },
    "node_modules/@jscad/io-utils": {
      "version": "2.0.29",
      "resolved": "https://registry.npmjs.org/@jscad/io-utils/-/io-utils-2.0.29.tgz",
      "integrity": "sha512-HuSZ9XrlxDy8Et4mjfcqP5dGmvSyUzLmN98mCoaQeLmfl/rBfkCMoAJmoWgbeEU9OkTXPomM/Jmn2k5NPoEaLw==",
      "dev": true,
      "license": "MIT"
    },
    "node_modules/@jscad/json-deserializer": {
      "version": "2.0.30",
      "resolved": "https://registry.npmjs.org/@jscad/json-deserializer/-/json-deserializer-2.0.30.tgz",
      "integrity": "sha512-wr9nyG/cx0yxvt1GPLahZGUcgZl5DdpfXOsO5A/45C8AHyQaFlycrrfRPh+Gq6hrhEfoWYBIusQ9W7ZMgjfQSw==",
      "dev": true,
      "license": "MIT",
      "dependencies": {
        "@jscad/array-utils": "2.1.4",
        "@jscad/io-utils": "2.0.29"
      }
    },
    "node_modules/@jscad/json-serializer": {
      "version": "2.0.29",
      "resolved": "https://registry.npmjs.org/@jscad/json-serializer/-/json-serializer-2.0.29.tgz",
      "integrity": "sha512-SFlFYfvCZrgqlrWJFeRkNr41ZFU3XBZIrY1NNXg8/SRRpuLtItVz4Q5ZSyrH62+rckIz0j05IYxuWPj+GJDZ8w==",
      "dev": true,
      "license": "MIT",
      "dependencies": {
        "@jscad/modeling": "2.12.4"
      }
    },
    "node_modules/@jscad/modeling": {
      "version": "2.12.4",
      "resolved": "https://registry.npmjs.org/@jscad/modeling/-/modeling-2.12.4.tgz",
      "integrity": "sha512-VxTcUrfhgzmktqUu6APt84MkdaUcJIoH9UCSjKpv76qmsH5PMo6UqYbVkuil16NJ6LgJCnmAf25n2B6Y9JZALA==",
      "dev": true,
      "license": "MIT"
    },
    "node_modules/@jscad/obj-deserializer": {
      "version": "2.0.29",
      "resolved": "https://registry.npmjs.org/@jscad/obj-deserializer/-/obj-deserializer-2.0.29.tgz",
      "integrity": "sha512-icYtT5VqsFgYcDw6qTy5KH7n5aCmFF854cMPDYkGQ+7WQPiLqa4n2HJvV432bIk1B2SqbLzXZySI7KmVPwDbKw==",
      "dev": true,
      "license": "MIT",
      "dependencies": {
        "@jscad/io-utils": "2.0.29",
        "@jscad/modeling": "2.12.4"
      }
    },
    "node_modules/@jscad/obj-serializer": {
      "version": "2.1.19",
      "resolved": "https://registry.npmjs.org/@jscad/obj-serializer/-/obj-serializer-2.1.19.tgz",
      "integrity": "sha512-hqfZkahDBh/qec4TLpEC2N/gYEtvFtDP1UldkxKlJWVM6xeUZwkKmgjCv5kJDDQ2HDPurDtW2TwkN6XM6zNCwA==",
      "dev": true,
      "license": "MIT",
      "dependencies": {
        "@jscad/array-utils": "2.1.4",
        "@jscad/modeling": "2.12.4"
      }
    },
    "node_modules/@jscad/stl-deserializer": {
      "version": "2.1.26",
      "resolved": "https://registry.npmjs.org/@jscad/stl-deserializer/-/stl-deserializer-2.1.26.tgz",
      "integrity": "sha512-ikffWF56bwWm0WyVrl7z7ISHG+3CDLrDpIXlZP2tvS5YppLLH8ocBHozbsZM49pC8ljrX1anI+vwK+Z4Y5cCGw==",
      "dev": true,
      "license": "MIT",
      "dependencies": {
        "@jscad/io-utils": "2.0.29",
        "@jscad/modeling": "2.12.4"
      }
    },
    "node_modules/@jscad/stl-serializer": {
      "version": "2.1.19",
      "resolved": "https://registry.npmjs.org/@jscad/stl-serializer/-/stl-serializer-2.1.19.tgz",
      "integrity": "sha512-Uy6/I3UpcVjcrTGRwLr/KmvXIjGiE5AxKriKDklDI6JpRpswMEif83Wf93Urbh8SMZRqPLqO3Vec+dRlTz1veA==",
      "dev": true,
      "license": "MIT",
      "dependencies": {
        "@jscad/array-utils": "2.1.4",
        "@jscad/modeling": "2.12.4"
      }
    },
    "node_modules/@jscad/svg-deserializer": {
      "version": "2.5.10",
      "resolved": "https://registry.npmjs.org/@jscad/svg-deserializer/-/svg-deserializer-2.5.10.tgz",
      "integrity": "sha512-0/hDzI8StuzRBo/us1dFDTHv0Kc9odE8Q/Wd0bObxwRIa2Ey6b/crqlH/pzXXWoBfE1NLgcY5+0HuL91a7KFSA==",
      "dev": true,
      "license": "MIT",
      "dependencies": {
        "@jscad/array-utils": "2.1.4",
        "@jscad/io-utils": "2.0.29",
        "@jscad/modeling": "2.12.4",
        "saxes": "5.0.1"
      }
    },
    "node_modules/@jscad/svg-serializer": {
      "version": "2.3.17",
      "resolved": "https://registry.npmjs.org/@jscad/svg-serializer/-/svg-serializer-2.3.17.tgz",
      "integrity": "sha512-28fZGj0MbJBfp32pTGpByK4zySXgcNom0FVcF6u/eVNJAO3Y3gXnWO7Dqb6qN1PFEx2RvQM2Pd7Nf2yHOqF18A==",
      "dev": true,
      "license": "MIT",
      "dependencies": {
        "@jscad/modeling": "2.12.4",
        "onml": "1.3.0"
      }
    },
    "node_modules/@jscad/svg-serializer/node_modules/onml": {
      "version": "1.3.0",
      "resolved": "https://registry.npmjs.org/onml/-/onml-1.3.0.tgz",
      "integrity": "sha512-RhGUsC6Im2A5vAdIvxE3auRKTqrqUZQl/AYLn8+9lM3SO4da5bwhcI5TcM+hfQxNCSLLOVErsl9p0ZPjKKmz+g==",
      "dev": true,
      "license": "MIT",
      "dependencies": {
        "sax": "^1.2.1"
      }
    },
    "node_modules/@jscad/x3d-deserializer": {
      "version": "2.2.9",
      "resolved": "https://registry.npmjs.org/@jscad/x3d-deserializer/-/x3d-deserializer-2.2.9.tgz",
      "integrity": "sha512-0CiSsV5T9CgDvBoSmyRkZoAR1idkhEs9EQPEN33vbD91CNoxIGLbh4xRZdZJVLHhp39zGNgGSklCLx7EIAODkg==",
      "dev": true,
      "license": "MIT",
      "dependencies": {
        "@jscad/array-utils": "2.1.4",
        "@jscad/io-utils": "2.0.29",
        "@jscad/modeling": "2.12.4",
        "saxes": "5.0.1"
      }
    },
    "node_modules/@jscad/x3d-serializer": {
      "version": "2.4.9",
      "resolved": "https://registry.npmjs.org/@jscad/x3d-serializer/-/x3d-serializer-2.4.9.tgz",
      "integrity": "sha512-r/bk5Q9bC3cr15X/2/iyBSu2h7bWnCrRKAYQpITeOnhMk1cJGpbXXgE9ooH4KKG05z19U0S7+DAzRIc2P1MHFQ==",
      "dev": true,
      "license": "MIT",
      "dependencies": {
        "@jscad/array-utils": "2.1.4",
        "@jscad/modeling": "2.12.4",
        "onml": "1.3.0"
      }
    },
    "node_modules/@jscad/x3d-serializer/node_modules/onml": {
      "version": "1.3.0",
      "resolved": "https://registry.npmjs.org/onml/-/onml-1.3.0.tgz",
      "integrity": "sha512-RhGUsC6Im2A5vAdIvxE3auRKTqrqUZQl/AYLn8+9lM3SO4da5bwhcI5TcM+hfQxNCSLLOVErsl9p0ZPjKKmz+g==",
      "dev": true,
      "license": "MIT",
      "dependencies": {
        "sax": "^1.2.1"
      }
    },
    "node_modules/@types/node": {
      "version": "22.10.0",
      "resolved": "https://registry.npmjs.org/@types/node/-/node-22.10.0.tgz",
      "integrity": "sha512-XC70cRZVElFHfIUB40FgZOBbgJYFKKMa5nb9lxcwYstFG/Mi+/Y0bGS+rs6Dmhmkpq4pnNiLiuZAbc02YCOnmA==",
      "dev": true,
      "license": "MIT",
      "dependencies": {
        "undici-types": "~6.20.0"
      }
    },
    "node_modules/convert": {
      "version": "5.6.1",
      "resolved": "https://registry.npmjs.org/convert/-/convert-5.6.1.tgz",
      "integrity": "sha512-soawGcYN1XNhtSBzBf7qKFAhmiuBy6ee643ppPPxJUgSYkjZs5mkg/QEf02fS4Iwiycn1YPSm2a4O+QnXQEVZQ==",
      "dev": true,
      "license": "MIT"
    },
    "node_modules/core-util-is": {
      "version": "1.0.3",
      "resolved": "https://registry.npmjs.org/core-util-is/-/core-util-is-1.0.3.tgz",
      "integrity": "sha512-ZQBvi1DcpJ4GDqanjucZ2Hj3wEO5pZDS89BWbkcrvdxksJorwUDDZamX9ldFkp9aw2lmBDLgkObEA4DWNJ9FYQ==",
      "dev": true,
      "license": "MIT"
    },
    "node_modules/cross-spawn": {
      "version": "7.0.6",
      "resolved": "https://registry.npmjs.org/cross-spawn/-/cross-spawn-7.0.6.tgz",
      "integrity": "sha512-uV2QOWP2nWzsy2aMp8aRibhi9dlzF5Hgh5SHaB9OiTGEyDTiJJyx0uy51QXdyWbtAHNua4XJzUKca3OzKUd3vA==",
      "dev": true,
      "license": "MIT",
      "dependencies": {
        "path-key": "^3.1.0",
        "shebang-command": "^2.0.0",
        "which": "^2.0.1"
      },
      "engines": {
        "node": ">= 8"
      }
    },
    "node_modules/duplexer": {
      "version": "0.1.2",
      "resolved": "https://registry.npmjs.org/duplexer/-/duplexer-0.1.2.tgz",
      "integrity": "sha512-jtD6YG370ZCIi/9GTaJKQxWTZD045+4R4hTk/x1UyoqadyJ9x9CgSi1RlVDQF8U2sxLLSnFkCaMihqljHIWgMg==",
      "dev": true,
      "license": "MIT"
    },
    "node_modules/event-stream": {
      "version": "3.3.4",
      "resolved": "https://registry.npmjs.org/event-stream/-/event-stream-3.3.4.tgz",
      "integrity": "sha512-QHpkERcGsR0T7Qm3HNJSyXKEEj8AHNxkY3PK8TS2KJvQ7NiSHe3DDpwVKKtoYprL/AreyzFBeIkBIWChAqn60g==",
      "dev": true,
      "license": "MIT",
      "dependencies": {
        "duplexer": "~0.1.1",
        "from": "~0",
        "map-stream": "~0.1.0",
        "pause-stream": "0.0.11",
        "split": "0.3",
        "stream-combiner": "~0.0.4",
        "through": "~2.3.1"
      }
    },
    "node_modules/fflate": {
      "version": "0.7.3",
      "resolved": "https://registry.npmjs.org/fflate/-/fflate-0.7.3.tgz",
      "integrity": "sha512-0Zz1jOzJWERhyhsimS54VTqOteCNwRtIlh8isdL0AXLo0g7xNTfTL7oWrkmCnPhZGocKIkWHBistBrrpoNH3aw==",
      "dev": true,
      "license": "MIT"
    },
    "node_modules/from": {
      "version": "0.1.7",
      "resolved": "https://registry.npmjs.org/from/-/from-0.1.7.tgz",
      "integrity": "sha512-twe20eF1OxVxp/ML/kq2p1uc6KvFK/+vs8WjEbeKmV2He22MKm7YF2ANIt+EOqhJ5L3K/SuuPhk0hWQDjOM23g==",
      "dev": true,
      "license": "MIT"
    },
    "node_modules/immediate": {
      "version": "3.0.6",
      "resolved": "https://registry.npmjs.org/immediate/-/immediate-3.0.6.tgz",
      "integrity": "sha512-XXOFtyqDjNDAQxVfYxuF7g9Il/IbWmmlQg2MYKOH8ExIT1qg6xc4zyS3HaEEATgs1btfzxq15ciUiY7gjSXRGQ==",
      "dev": true,
      "license": "MIT"
    },
    "node_modules/inherits": {
      "version": "2.0.4",
      "resolved": "https://registry.npmjs.org/inherits/-/inherits-2.0.4.tgz",
      "integrity": "sha512-k/vGaX4/Yla3WzyMCvTQOXYeIHvqOKtnqBduzTHpzpQZzAskKMhZ2K+EnBiSM9zGSoIFeMpXKxa4dYeZIQqewQ==",
      "dev": true,
      "license": "ISC"
    },
    "node_modules/isarray": {
      "version": "1.0.0",
      "resolved": "https://registry.npmjs.org/isarray/-/isarray-1.0.0.tgz",
      "integrity": "sha512-VLghIWNM6ELQzo7zwmcg0NmTVyWKYjvIeM83yjp0wRDTmUnrM678fQbcKBo6n2CJEF0szoG//ytg+TKla89ALQ==",
      "dev": true,
      "license": "MIT"
    },
    "node_modules/isexe": {
      "version": "2.0.0",
      "resolved": "https://registry.npmjs.org/isexe/-/isexe-2.0.0.tgz",
      "integrity": "sha512-RHxMLp9lnKHGHRng9QFhRCMbYAcVpn69smSGcq3f36xjgVVWThj4qqLbTLlq7Ssj8B+fIQ1EuCEGI2lKsyQeIw==",
      "dev": true,
      "license": "ISC"
    },
    "node_modules/json5": {
      "version": "2.2.3",
      "resolved": "https://registry.npmjs.org/json5/-/json5-2.2.3.tgz",
      "integrity": "sha512-XmOWe7eyHYH14cLdVPoyg+GOH3rYX++KpzrylJwSW98t3Nk+U8XOl8FWKOgwtzdb8lXGf6zYwDUzeHMWfxasyg==",
      "dev": true,
      "license": "MIT",
      "bin": {
        "json5": "lib/cli.js"
      },
      "engines": {
        "node": ">=6"
      }
    },
    "node_modules/jszip": {
      "version": "3.10.1",
      "resolved": "https://registry.npmjs.org/jszip/-/jszip-3.10.1.tgz",
      "integrity": "sha512-xXDvecyTpGLrqFrvkrUSoxxfJI5AH7U8zxxtVclpsUtMCq4JQ290LY8AW5c7Ggnr/Y/oK+bQMbqK2qmtk3pN4g==",
      "dev": true,
      "license": "(MIT OR GPL-3.0-or-later)",
      "dependencies": {
        "lie": "~3.3.0",
        "pako": "~1.0.2",
        "readable-stream": "~2.3.6",
        "setimmediate": "^1.0.5"
      }
    },
    "node_modules/lie": {
      "version": "3.3.0",
      "resolved": "https://registry.npmjs.org/lie/-/lie-3.3.0.tgz",
      "integrity": "sha512-UaiMJzeWRlEujzAuw5LokY1L5ecNQYZKfmyZ9L7wDHb/p5etKaxXhohBcrw0EYby+G/NA52vRSN4N39dxHAIwQ==",
      "dev": true,
      "license": "MIT",
      "dependencies": {
        "immediate": "~3.0.5"
      }
    },
    "node_modules/map-stream": {
      "version": "0.1.0",
      "resolved": "https://registry.npmjs.org/map-stream/-/map-stream-0.1.0.tgz",
      "integrity": "sha512-CkYQrPYZfWnu/DAmVCpTSX/xHpKZ80eKh2lAkyA6AJTef6bW+6JpbQZN5rofum7da+SyN1bi5ctTm+lTfcCW3g==",
      "dev": true
    },
    "node_modules/node-cleanup": {
      "version": "2.1.2",
      "resolved": "https://registry.npmjs.org/node-cleanup/-/node-cleanup-2.1.2.tgz",
      "integrity": "sha512-qN8v/s2PAJwGUtr1/hYTpNKlD6Y9rc4p8KSmJXyGdYGZsDGKXrGThikLFP9OCHFeLeEpQzPwiAtdIvBLqm//Hw==",
      "dev": true,
      "license": "MIT"
    },
    "node_modules/onml": {
      "version": "1.2.0",
      "resolved": "https://registry.npmjs.org/onml/-/onml-1.2.0.tgz",
      "integrity": "sha512-olqYAg18XoHAhm7tK9DdBCOVdts70DGmMgCNLOWyqZokht2utgGSKBB4JHi6pBZpmioAhcYlxK+91L3tsrz+GA==",
      "dev": true,
      "license": "MIT",
      "dependencies": {
        "sax": "^1.2.1"
      }
    },
    "node_modules/pako": {
      "version": "1.0.11",
      "resolved": "https://registry.npmjs.org/pako/-/pako-1.0.11.tgz",
      "integrity": "sha512-4hLB8Py4zZce5s4yd9XzopqwVv/yGNhV1Bl8NTmCq1763HeK2+EwVTv+leGeL13Dnh2wfbqowVPXCIO0z4taYw==",
      "dev": true,
      "license": "(MIT AND Zlib)"
    },
    "node_modules/path-key": {
      "version": "3.1.1",
      "resolved": "https://registry.npmjs.org/path-key/-/path-key-3.1.1.tgz",
      "integrity": "sha512-ojmeN0qd+y0jszEtoY48r0Peq5dwMEkIlCOu6Q5f41lfkswXuKtYrhgoTpLnyIcHm24Uhqx+5Tqm2InSwLhE6Q==",
      "dev": true,
      "license": "MIT",
      "engines": {
        "node": ">=8"
      }
    },
    "node_modules/pause-stream": {
      "version": "0.0.11",
      "resolved": "https://registry.npmjs.org/pause-stream/-/pause-stream-0.0.11.tgz",
      "integrity": "sha512-e3FBlXLmN/D1S+zHzanP4E/4Z60oFAa3O051qt1pxa7DEJWKAyil6upYVXCWadEnuoqa4Pkc9oUx9zsxYeRv8A==",
      "dev": true,
      "license": [
        "MIT",
        "Apache2"
      ],
      "dependencies": {
        "through": "~2.3"
      }
    },
    "node_modules/process-nextick-args": {
      "version": "2.0.1",
      "resolved": "https://registry.npmjs.org/process-nextick-args/-/process-nextick-args-2.0.1.tgz",
      "integrity": "sha512-3ouUOpQhtgrbOa17J7+uxOTpITYWaGP7/AhoR3+A+/1e9skrzelGi/dXzEYyvbxubEF6Wn2ypscTKiKJFFn1ag==",
      "dev": true,
      "license": "MIT"
    },
    "node_modules/ps-tree": {
      "version": "1.2.0",
      "resolved": "https://registry.npmjs.org/ps-tree/-/ps-tree-1.2.0.tgz",
      "integrity": "sha512-0VnamPPYHl4uaU/nSFeZZpR21QAWRz+sRv4iW9+v/GS/J5U5iZB5BNN6J0RMoOvdx2gWM2+ZFMIm58q24e4UYA==",
      "dev": true,
      "license": "MIT",
      "dependencies": {
        "event-stream": "=3.3.4"
      },
      "bin": {
        "ps-tree": "bin/ps-tree.js"
      },
      "engines": {
        "node": ">= 0.10"
      }
    },
    "node_modules/readable-stream": {
      "version": "2.3.8",
      "resolved": "https://registry.npmjs.org/readable-stream/-/readable-stream-2.3.8.tgz",
      "integrity": "sha512-8p0AUk4XODgIewSi0l8Epjs+EVnWiK7NoDIEGU0HhE7+ZyY8D1IMY7odu5lRrFXGg71L15KG8QrPmum45RTtdA==",
      "dev": true,
      "license": "MIT",
      "dependencies": {
        "core-util-is": "~1.0.0",
        "inherits": "~2.0.3",
        "isarray": "~1.0.0",
        "process-nextick-args": "~2.0.0",
        "safe-buffer": "~5.1.1",
        "string_decoder": "~1.1.1",
        "util-deprecate": "~1.0.1"
      }
    },
    "node_modules/safe-buffer": {
      "version": "5.1.2",
      "resolved": "https://registry.npmjs.org/safe-buffer/-/safe-buffer-5.1.2.tgz",
      "integrity": "sha512-Gd2UZBJDkXlY7GbJxfsE8/nvKkUEU1G38c1siN6QP6a9PT9MmHB8GnpscSmMJSoF8LOIrt8ud/wPtojys4G6+g==",
      "dev": true,
      "license": "MIT"
    },
    "node_modules/sax": {
      "version": "1.4.1",
      "resolved": "https://registry.npmjs.org/sax/-/sax-1.4.1.tgz",
      "integrity": "sha512-+aWOz7yVScEGoKNd4PA10LZ8sk0A/z5+nXQG5giUO5rprX9jgYsTdov9qCchZiPIZezbZH+jRut8nPodFAX4Jg==",
      "dev": true,
      "license": "ISC"
    },
    "node_modules/saxes": {
      "version": "5.0.1",
      "resolved": "https://registry.npmjs.org/saxes/-/saxes-5.0.1.tgz",
      "integrity": "sha512-5LBh1Tls8c9xgGjw3QrMwETmTMVk0oFgvrFSvWx62llR2hcEInrKNZ2GZCCuuy2lvWrdl5jhbpeqc5hRYKFOcw==",
      "dev": true,
      "license": "ISC",
      "dependencies": {
        "xmlchars": "^2.2.0"
      },
      "engines": {
        "node": ">=10"
      }
    },
    "node_modules/setimmediate": {
      "version": "1.0.5",
      "resolved": "https://registry.npmjs.org/setimmediate/-/setimmediate-1.0.5.tgz",
      "integrity": "sha512-MATJdZp8sLqDl/68LfQmbP8zKPLQNV6BIZoIgrscFDQ+RsvK/BxeDQOgyxKKoh0y/8h3BqVFnCqQ/gd+reiIXA==",
      "dev": true,
      "license": "MIT"
    },
    "node_modules/shebang-command": {
      "version": "2.0.0",
      "resolved": "https://registry.npmjs.org/shebang-command/-/shebang-command-2.0.0.tgz",
      "integrity": "sha512-kHxr2zZpYtdmrN1qDjrrX/Z1rR1kG8Dx+gkpK1G4eXmvXswmcE1hTWBWYUzlraYw1/yZp6YuDY77YtvbN0dmDA==",
      "dev": true,
      "license": "MIT",
      "dependencies": {
        "shebang-regex": "^3.0.0"
      },
      "engines": {
        "node": ">=8"
      }
    },
    "node_modules/shebang-regex": {
      "version": "3.0.0",
      "resolved": "https://registry.npmjs.org/shebang-regex/-/shebang-regex-3.0.0.tgz",
      "integrity": "sha512-7++dFhtcx3353uBaq8DDR4NuxBetBzC7ZQOhmTQInHEd6bSrXdiEyzCvG07Z44UYdLShWUyXt5M/yhz8ekcb1A==",
      "dev": true,
      "license": "MIT",
      "engines": {
        "node": ">=8"
      }
    },
    "node_modules/split": {
      "version": "0.3.3",
      "resolved": "https://registry.npmjs.org/split/-/split-0.3.3.tgz",
      "integrity": "sha512-wD2AeVmxXRBoX44wAycgjVpMhvbwdI2aZjCkvfNcH1YqHQvJVa1duWc73OyVGJUc05fhFaTZeQ/PYsrmyH0JVA==",
      "dev": true,
      "license": "MIT",
      "dependencies": {
        "through": "2"
      },
      "engines": {
        "node": "*"
      }
    },
    "node_modules/stream-combiner": {
      "version": "0.0.4",
      "resolved": "https://registry.npmjs.org/stream-combiner/-/stream-combiner-0.0.4.tgz",
      "integrity": "sha512-rT00SPnTVyRsaSz5zgSPma/aHSOic5U1prhYdRy5HS2kTZviFpmDgzilbtsJsxiroqACmayynDN/9VzIbX5DOw==",
      "dev": true,
      "license": "MIT",
      "dependencies": {
        "duplexer": "~0.1.1"
      }
    },
    "node_modules/string_decoder": {
      "version": "1.1.1",
      "resolved": "https://registry.npmjs.org/string_decoder/-/string_decoder-1.1.1.tgz",
      "integrity": "sha512-n/ShnvDi6FHbbVfviro+WojiFzv+s8MPMHBczVePfUpDJLwoLT0ht1l4YwBCbi8pJAveEEdnkHyPyTP/mzRfwg==",
      "dev": true,
      "license": "MIT",
      "dependencies": {
        "safe-buffer": "~5.1.0"
      }
    },
    "node_modules/string-argv": {
      "version": "0.3.2",
      "resolved": "https://registry.npmjs.org/string-argv/-/string-argv-0.3.2.tgz",
      "integrity": "sha512-aqD2Q0144Z+/RqG52NeHEkZauTAUWJO8c6yTftGJKO3Tja5tUgIfmIl6kExvhtxSDP7fXB6DvzkfMpCd/F3G+Q==",
      "dev": true,
      "license": "MIT",
      "engines": {
        "node": ">=0.6.19"
      }
    },
    "node_modules/strip-bom": {
      "version": "4.0.0",
      "resolved": "https://registry.npmjs.org/strip-bom/-/strip-bom-4.0.0.tgz",
      "integrity": "sha512-3xurFv5tEgii33Zi8Jtp55wEIILR9eh34FAW00PZf+JnSsTmV/ioewSgQl97JHvgjoRGwPShsWm+IdrxB35d0w==",
      "dev": true,
      "license": "MIT",
      "engines": {
        "node": ">=8"
      }
    },
    "node_modules/through": {
      "version": "2.3.8",
      "resolved": "https://registry.npmjs.org/through/-/through-2.3.8.tgz",
      "integrity": "sha512-w89qg7PI8wAdvX60bMDP+bFoD5Dvhm9oLheFp5O4a2QF0cSBGsBX4qZmadPMvVqlLJBBci+WqGGOAPvcDeNSVg==",
      "dev": true,
      "license": "MIT"
    },
    "node_modules/tsc-watch": {
      "version": "6.2.1",
      "resolved": "https://registry.npmjs.org/tsc-watch/-/tsc-watch-6.2.1.tgz",
      "integrity": "sha512-GLwdz5Dy9K3sVm3RzgkLcyDpl5cvU9HEcE1A3gf5rqEwlUe7gDLxNCgcuNEw3zoKOiegMo3LnbF1t6HLqxhrSA==",
      "dev": true,
      "license": "MIT",
      "dependencies": {
        "cross-spawn": "^7.0.3",
        "node-cleanup": "^2.1.2",
        "ps-tree": "^1.2.0",
        "string-argv": "^0.3.1"
      },
      "bin": {
        "tsc-watch": "dist/lib/tsc-watch.js"
      },
      "engines": {
        "node": ">=12.12.0"
      },
      "peerDependencies": {
        "typescript": "*"
      }
    },
    "node_modules/typescript": {
      "version": "5.7.2",
      "resolved": "https://registry.npmjs.org/typescript/-/typescript-5.7.2.tgz",
      "integrity": "sha512-i5t66RHxDvVN40HfDd1PsEThGNnlMCMT3jMUuoh9/0TaqWevNontacunWyN02LA9/fIbEWlcHZcgTKb9QoaLfg==",
      "dev": true,
      "license": "Apache-2.0",
      "bin": {
        "tsc": "bin/tsc",
        "tsserver": "bin/tsserver"
      },
      "engines": {
        "node": ">=14.17"
      }
    },
    "node_modules/undici-types": {
      "version": "6.20.0",
      "resolved": "https://registry.npmjs.org/undici-types/-/undici-types-6.20.0.tgz",
      "integrity": "sha512-Ny6QZ2Nju20vw1SRHe3d9jVu6gJ+4e3+MMpqu7pqE5HT6WsTSlce++GQmK5UXS8mzV8DSYHrQH+Xrf2jVcuKNg==",
      "dev": true,
      "license": "MIT"
    },
    "node_modules/util-deprecate": {
      "version": "1.0.2",
      "resolved": "https://registry.npmjs.org/util-deprecate/-/util-deprecate-1.0.2.tgz",
      "integrity": "sha512-EPD5q1uXyFxJpCrLnCc1nHnq3gOa6DZBocAIiI2TaSCA7VCJ1UJDMagCzIkXNsUYfD1daK//LTEQ8xiIbrHtcw==",
      "dev": true,
      "license": "MIT"
    },
    "node_modules/which": {
      "version": "2.0.2",
      "resolved": "https://registry.npmjs.org/which/-/which-2.0.2.tgz",
      "integrity": "sha512-BLI3Tl1TW3Pvl70l3yq3Y64i+awpwXqsGBYWkkqMtnbXgrMD+yj7rhW0kuEDxzJaYXGjEW5ogapKNMEKNMjibA==",
      "dev": true,
      "license": "ISC",
      "dependencies": {
        "isexe": "^2.0.0"
      },
      "bin": {
        "node-which": "bin/node-which"
      },
      "engines": {
        "node": ">= 8"
      }
    },
    "node_modules/xmlchars": {
      "version": "2.2.0",
      "resolved": "https://registry.npmjs.org/xmlchars/-/xmlchars-2.2.0.tgz",
      "integrity": "sha512-JZnDKK8B0RCDw84FNdDAIpZK+JuJw+s7Lz8nksI7SIuU3UXJJslUthsi+uWBUYOwPFwW7W7PRLRfUKpxjtjFCw==",
      "dev": true,
      "license": "MIT"
    }
  }
}
